
Microsoft Visual Studio Solution File, Format Version 12.00
# Visual Studio 15
VisualStudioVersion = 15.0.27130.2027
MinimumVisualStudioVersion = 10.0.40219.1
Project("{9A19103F-16F7-4668-BE54-9A1E7A4F7556}") = "TGWebhooks.Core", "TGWebhooks.Core\TGWebhooks.Core.csproj", "{E7BD6BF9-B924-45DD-9D74-7CD1D9C72E76}"
EndProject
Project("{E53339B2-1760-4266-BCC7-CA923CBCF16C}") = "docker-compose", "docker-compose.dcproj", "{44D4DAF0-2B21-4833-B70D-0E2693BCB1B1}"
EndProject
Project("{9A19103F-16F7-4668-BE54-9A1E7A4F7556}") = "TGWebhooks.PRTagger", "TGWebhooks.PRTagger\TGWebhooks.PRTagger.csproj", "{CFE2A469-122B-487D-B463-745B7F7B5D7A}"
EndProject
Project("{9A19103F-16F7-4668-BE54-9A1E7A4F7556}") = "TGWebhooks.Interface", "TGWebhooks.Interface\TGWebhooks.Interface.csproj", "{408BC9DE-CD53-4E57-A6A5-2498DB54AD06}"
EndProject
Project("{9A19103F-16F7-4668-BE54-9A1E7A4F7556}") = "TGWebhooks.TwentyFourHourRule", "TGWebhooks.TwentyFourHourRule\TGWebhooks.TwentyFourHourRule.csproj", "{7D1385AD-3C60-4B2A-A2E1-FCCF719DAECD}"
EndProject
Project("{9A19103F-16F7-4668-BE54-9A1E7A4F7556}") = "TGWebhooks.MaintainerApproval", "TGWebhooks.MaintainerApproval\TGWebhooks.MaintainerApproval.csproj", "{7D400AEA-C23E-4023-9548-0B71690A8969}"
EndProject
Project("{9A19103F-16F7-4668-BE54-9A1E7A4F7556}") = "TGWebhooks.Tests", "TGWebhooks.Tests\TGWebhooks.Tests.csproj", "{8DF46DEB-5CBE-4049-9D03-47C8E6F856CE}"
EndProject
Global
	GlobalSection(SolutionConfigurationPlatforms) = preSolution
		Debug|Any CPU = Debug|Any CPU
		Release|Any CPU = Release|Any CPU
	EndGlobalSection
	GlobalSection(ProjectConfigurationPlatforms) = postSolution
		{E7BD6BF9-B924-45DD-9D74-7CD1D9C72E76}.Debug|Any CPU.ActiveCfg = Debug|Any CPU
		{E7BD6BF9-B924-45DD-9D74-7CD1D9C72E76}.Debug|Any CPU.Build.0 = Debug|Any CPU
		{E7BD6BF9-B924-45DD-9D74-7CD1D9C72E76}.Release|Any CPU.ActiveCfg = Release|Any CPU
		{E7BD6BF9-B924-45DD-9D74-7CD1D9C72E76}.Release|Any CPU.Build.0 = Release|Any CPU
		{44D4DAF0-2B21-4833-B70D-0E2693BCB1B1}.Debug|Any CPU.ActiveCfg = Debug|Any CPU
		{44D4DAF0-2B21-4833-B70D-0E2693BCB1B1}.Debug|Any CPU.Build.0 = Debug|Any CPU
		{44D4DAF0-2B21-4833-B70D-0E2693BCB1B1}.Release|Any CPU.ActiveCfg = Release|Any CPU
		{44D4DAF0-2B21-4833-B70D-0E2693BCB1B1}.Release|Any CPU.Build.0 = Release|Any CPU
		{CFE2A469-122B-487D-B463-745B7F7B5D7A}.Debug|Any CPU.ActiveCfg = Debug|Any CPU
		{CFE2A469-122B-487D-B463-745B7F7B5D7A}.Debug|Any CPU.Build.0 = Debug|Any CPU
		{CFE2A469-122B-487D-B463-745B7F7B5D7A}.Release|Any CPU.ActiveCfg = Release|Any CPU
		{CFE2A469-122B-487D-B463-745B7F7B5D7A}.Release|Any CPU.Build.0 = Release|Any CPU
		{408BC9DE-CD53-4E57-A6A5-2498DB54AD06}.Debug|Any CPU.ActiveCfg = Debug|Any CPU
		{408BC9DE-CD53-4E57-A6A5-2498DB54AD06}.Debug|Any CPU.Build.0 = Debug|Any CPU
		{408BC9DE-CD53-4E57-A6A5-2498DB54AD06}.Release|Any CPU.ActiveCfg = Release|Any CPU
		{408BC9DE-CD53-4E57-A6A5-2498DB54AD06}.Release|Any CPU.Build.0 = Release|Any CPU
		{7D1385AD-3C60-4B2A-A2E1-FCCF719DAECD}.Debug|Any CPU.ActiveCfg = Debug|Any CPU
		{7D1385AD-3C60-4B2A-A2E1-FCCF719DAECD}.Debug|Any CPU.Build.0 = Debug|Any CPU
		{7D1385AD-3C60-4B2A-A2E1-FCCF719DAECD}.Release|Any CPU.ActiveCfg = Release|Any CPU
		{7D1385AD-3C60-4B2A-A2E1-FCCF719DAECD}.Release|Any CPU.Build.0 = Release|Any CPU
		{7D400AEA-C23E-4023-9548-0B71690A8969}.Debug|Any CPU.ActiveCfg = Debug|Any CPU
		{7D400AEA-C23E-4023-9548-0B71690A8969}.Debug|Any CPU.Build.0 = Debug|Any CPU
		{7D400AEA-C23E-4023-9548-0B71690A8969}.Release|Any CPU.ActiveCfg = Release|Any CPU
		{7D400AEA-C23E-4023-9548-0B71690A8969}.Release|Any CPU.Build.0 = Release|Any CPU
		{8DF46DEB-5CBE-4049-9D03-47C8E6F856CE}.Debug|Any CPU.ActiveCfg = Debug|Any CPU
		{8DF46DEB-5CBE-4049-9D03-47C8E6F856CE}.Debug|Any CPU.Build.0 = Debug|Any CPU
		{8DF46DEB-5CBE-4049-9D03-47C8E6F856CE}.Release|Any CPU.ActiveCfg = Release|Any CPU
		{8DF46DEB-5CBE-4049-9D03-47C8E6F856CE}.Release|Any CPU.Build.0 = Release|Any CPU
	EndGlobalSection
	GlobalSection(SolutionProperties) = preSolution
		HideSolutionNode = FALSE
	EndGlobalSection
	GlobalSection(ExtensibilityGlobals) = postSolution
		SolutionGuid = {09436127-EA02-426A-AACA-A1F043D960AD}
	EndGlobalSection
EndGlobal
