
Microsoft Visual Studio Solution File, Format Version 12.00
# Visual Studio 15
VisualStudioVersion = 15.0.27130.2027
MinimumVisualStudioVersion = 10.0.40219.1
Project("{E53339B2-1760-4266-BCC7-CA923CBCF16C}") = "docker-compose", "docker-compose.dcproj", "{44D4DAF0-2B21-4833-B70D-0E2693BCB1B1}"
	ProjectSection(ProjectDependencies) = postProject
		{8DF46DEB-5CBE-4049-9D03-47C8E6F856CE} = {8DF46DEB-5CBE-4049-9D03-47C8E6F856CE}
	EndProjectSection
EndProject
Project("{9A19103F-16F7-4668-BE54-9A1E7A4F7556}") = "TGWebhooks.Tests", "TGWebhooks.Tests\TGWebhooks.Tests.csproj", "{8DF46DEB-5CBE-4049-9D03-47C8E6F856CE}"
EndProject
Project("{2150E333-8FDC-42A3-9474-1A3956D46DE8}") = "Solution Items", "Solution Items", "{8EDEC032-F64F-4F71-B4A9-CB5C4905DA9F}"
	ProjectSection(SolutionItems) = preProject
		.codecov.yml = .codecov.yml
		.gitattributes = .gitattributes
		.gitignore = .gitignore
		appveyor.yml = appveyor.yml
		README.md = README.md
	EndProjectSection
EndProject
Project("{2150E333-8FDC-42A3-9474-1A3956D46DE8}") = "Tools", "Tools", "{33DBC235-DF62-4F9C-8464-04B7C373AB1F}"
	ProjectSection(SolutionItems) = preProject
		Tools\BuildDox.ps1 = Tools\BuildDox.ps1
		Tools\Doxyfile = Tools\Doxyfile
		Tools\UploadCoverage.ps1 = Tools\UploadCoverage.ps1
	EndProjectSection
EndProject
Project("{9A19103F-16F7-4668-BE54-9A1E7A4F7556}") = "TGWebhooks", "TGWebhooks\TGWebhooks.csproj", "{C378C07B-30F1-4EDB-936A-CF3EC6DC8AD5}"
EndProject
Global
	GlobalSection(SolutionConfigurationPlatforms) = preSolution
		Debug|Any CPU = Debug|Any CPU
		Release|Any CPU = Release|Any CPU
	EndGlobalSection
	GlobalSection(ProjectConfigurationPlatforms) = postSolution
		{44D4DAF0-2B21-4833-B70D-0E2693BCB1B1}.Debug|Any CPU.ActiveCfg = Debug|Any CPU
		{44D4DAF0-2B21-4833-B70D-0E2693BCB1B1}.Debug|Any CPU.Build.0 = Debug|Any CPU
		{44D4DAF0-2B21-4833-B70D-0E2693BCB1B1}.Release|Any CPU.ActiveCfg = Release|Any CPU
		{44D4DAF0-2B21-4833-B70D-0E2693BCB1B1}.Release|Any CPU.Build.0 = Release|Any CPU
		{8DF46DEB-5CBE-4049-9D03-47C8E6F856CE}.Debug|Any CPU.ActiveCfg = Debug|Any CPU
		{8DF46DEB-5CBE-4049-9D03-47C8E6F856CE}.Debug|Any CPU.Build.0 = Debug|Any CPU
		{8DF46DEB-5CBE-4049-9D03-47C8E6F856CE}.Release|Any CPU.ActiveCfg = Release|Any CPU
		{8DF46DEB-5CBE-4049-9D03-47C8E6F856CE}.Release|Any CPU.Build.0 = Release|Any CPU
		{C378C07B-30F1-4EDB-936A-CF3EC6DC8AD5}.Debug|Any CPU.ActiveCfg = Debug|Any CPU
		{C378C07B-30F1-4EDB-936A-CF3EC6DC8AD5}.Debug|Any CPU.Build.0 = Debug|Any CPU
		{C378C07B-30F1-4EDB-936A-CF3EC6DC8AD5}.Release|Any CPU.ActiveCfg = Release|Any CPU
		{C378C07B-30F1-4EDB-936A-CF3EC6DC8AD5}.Release|Any CPU.Build.0 = Release|Any CPU
	EndGlobalSection
	GlobalSection(SolutionProperties) = preSolution
		HideSolutionNode = FALSE
	EndGlobalSection
	GlobalSection(ExtensibilityGlobals) = postSolution
		SolutionGuid = {09436127-EA02-426A-AACA-A1F043D960AD}
	EndGlobalSection
EndGlobal
